// !$*UTF8*$!
{
	archiveVersion = 1;
	classes = {
	};
	objectVersion = 55;
	objects = {

/* Begin PBXBuildFile section */
		182822DD28D60F84004A34A8 /* FirebaseAuth in Frameworks */ = {isa = PBXBuildFile; productRef = 182822DC28D60F84004A34A8 /* FirebaseAuth */; };
		182822DF28D60F84004A34A8 /* FirebaseDatabase in Frameworks */ = {isa = PBXBuildFile; productRef = 182822DE28D60F84004A34A8 /* FirebaseDatabase */; };
		182822E128D60F84004A34A8 /* FirebaseStorage in Frameworks */ = {isa = PBXBuildFile; productRef = 182822E028D60F84004A34A8 /* FirebaseStorage */; };
		182822E528D61528004A34A8 /* GoogleService-Info.plist in Resources */ = {isa = PBXBuildFile; fileRef = 182822E428D61528004A34A8 /* GoogleService-Info.plist */; };
		184B555E28D380E000F6B1B0 /* AppDelegate.swift in Sources */ = {isa = PBXBuildFile; fileRef = 184B555D28D380E000F6B1B0 /* AppDelegate.swift */; };
		184B556028D380E000F6B1B0 /* SceneDelegate.swift in Sources */ = {isa = PBXBuildFile; fileRef = 184B555F28D380E000F6B1B0 /* SceneDelegate.swift */; };
		184B556228D380E000F6B1B0 /* ConversationsViewController.swift in Sources */ = {isa = PBXBuildFile; fileRef = 184B556128D380E000F6B1B0 /* ConversationsViewController.swift */; };
		184B556528D380E000F6B1B0 /* Main.storyboard in Resources */ = {isa = PBXBuildFile; fileRef = 184B556328D380E000F6B1B0 /* Main.storyboard */; };
		184B556728D380E200F6B1B0 /* Assets.xcassets in Resources */ = {isa = PBXBuildFile; fileRef = 184B556628D380E200F6B1B0 /* Assets.xcassets */; };
		184B556A28D380E200F6B1B0 /* LaunchScreen.storyboard in Resources */ = {isa = PBXBuildFile; fileRef = 184B556828D380E200F6B1B0 /* LaunchScreen.storyboard */; };
		184B557828D3832500F6B1B0 /* LoginViewController.swift in Sources */ = {isa = PBXBuildFile; fileRef = 184B557728D3832500F6B1B0 /* LoginViewController.swift */; };
		184B557A28D3833400F6B1B0 /* RegisterViewController.swift in Sources */ = {isa = PBXBuildFile; fileRef = 184B557928D3833400F6B1B0 /* RegisterViewController.swift */; };
		184B557C28D3835F00F6B1B0 /* PhotoViewerViewController.swift in Sources */ = {isa = PBXBuildFile; fileRef = 184B557B28D3835F00F6B1B0 /* PhotoViewerViewController.swift */; };
		184B557E28D3836E00F6B1B0 /* VideoPlayerViewController.swift in Sources */ = {isa = PBXBuildFile; fileRef = 184B557D28D3836E00F6B1B0 /* VideoPlayerViewController.swift */; };
		184B558028D3839B00F6B1B0 /* NewConvesationViewController.swift in Sources */ = {isa = PBXBuildFile; fileRef = 184B557F28D3839B00F6B1B0 /* NewConvesationViewController.swift */; };
		184B558228D383AE00F6B1B0 /* ProfileViewController.swift in Sources */ = {isa = PBXBuildFile; fileRef = 184B558128D383AE00F6B1B0 /* ProfileViewController.swift */; };
		184B558528D4C59C00F6B1B0 /* Extensions.swift in Sources */ = {isa = PBXBuildFile; fileRef = 184B558428D4C59C00F6B1B0 /* Extensions.swift */; };
		18696DD528D732F800F4F0A1 /* DatabaseManager.swift in Sources */ = {isa = PBXBuildFile; fileRef = 18696DD428D732F800F4F0A1 /* DatabaseManager.swift */; };
/* End PBXBuildFile section */

/* Begin PBXFileReference section */
		182822E428D61528004A34A8 /* GoogleService-Info.plist */ = {isa = PBXFileReference; fileEncoding = 4; lastKnownFileType = text.plist.xml; name = "GoogleService-Info.plist"; path = "../../../../GoogleService-Info.plist"; sourceTree = "<group>"; };
		184B555A28D380E000F6B1B0 /* Messenger.app */ = {isa = PBXFileReference; explicitFileType = wrapper.application; includeInIndex = 0; path = Messenger.app; sourceTree = BUILT_PRODUCTS_DIR; };
		184B555D28D380E000F6B1B0 /* AppDelegate.swift */ = {isa = PBXFileReference; lastKnownFileType = sourcecode.swift; path = AppDelegate.swift; sourceTree = "<group>"; };
		184B555F28D380E000F6B1B0 /* SceneDelegate.swift */ = {isa = PBXFileReference; lastKnownFileType = sourcecode.swift; path = SceneDelegate.swift; sourceTree = "<group>"; };
		184B556128D380E000F6B1B0 /* ConversationsViewController.swift */ = {isa = PBXFileReference; lastKnownFileType = sourcecode.swift; path = ConversationsViewController.swift; sourceTree = "<group>"; };
		184B556428D380E000F6B1B0 /* Base */ = {isa = PBXFileReference; lastKnownFileType = file.storyboard; name = Base; path = Base.lproj/Main.storyboard; sourceTree = "<group>"; };
		184B556628D380E200F6B1B0 /* Assets.xcassets */ = {isa = PBXFileReference; lastKnownFileType = folder.assetcatalog; path = Assets.xcassets; sourceTree = "<group>"; };
		184B556928D380E200F6B1B0 /* Base */ = {isa = PBXFileReference; lastKnownFileType = file.storyboard; name = Base; path = Base.lproj/LaunchScreen.storyboard; sourceTree = "<group>"; };
		184B556B28D380E200F6B1B0 /* Info.plist */ = {isa = PBXFileReference; lastKnownFileType = text.plist.xml; path = Info.plist; sourceTree = "<group>"; };
		184B557728D3832500F6B1B0 /* LoginViewController.swift */ = {isa = PBXFileReference; lastKnownFileType = sourcecode.swift; path = LoginViewController.swift; sourceTree = "<group>"; };
		184B557928D3833400F6B1B0 /* RegisterViewController.swift */ = {isa = PBXFileReference; lastKnownFileType = sourcecode.swift; path = RegisterViewController.swift; sourceTree = "<group>"; };
		184B557B28D3835F00F6B1B0 /* PhotoViewerViewController.swift */ = {isa = PBXFileReference; lastKnownFileType = sourcecode.swift; path = PhotoViewerViewController.swift; sourceTree = "<group>"; };
		184B557D28D3836E00F6B1B0 /* VideoPlayerViewController.swift */ = {isa = PBXFileReference; lastKnownFileType = sourcecode.swift; path = VideoPlayerViewController.swift; sourceTree = "<group>"; };
		184B557F28D3839B00F6B1B0 /* NewConvesationViewController.swift */ = {isa = PBXFileReference; lastKnownFileType = sourcecode.swift; path = NewConvesationViewController.swift; sourceTree = "<group>"; };
		184B558128D383AE00F6B1B0 /* ProfileViewController.swift */ = {isa = PBXFileReference; lastKnownFileType = sourcecode.swift; path = ProfileViewController.swift; sourceTree = "<group>"; };
		184B558428D4C59C00F6B1B0 /* Extensions.swift */ = {isa = PBXFileReference; lastKnownFileType = sourcecode.swift; path = Extensions.swift; sourceTree = "<group>"; };
		18696DD428D732F800F4F0A1 /* DatabaseManager.swift */ = {isa = PBXFileReference; lastKnownFileType = sourcecode.swift; path = DatabaseManager.swift; sourceTree = "<group>"; };
/* End PBXFileReference section */

/* Begin PBXFrameworksBuildPhase section */
		184B555728D380E000F6B1B0 /* Frameworks */ = {
			isa = PBXFrameworksBuildPhase;
			buildActionMask = 2147483647;
			files = (
				182822DF28D60F84004A34A8 /* FirebaseDatabase in Frameworks */,
				182822DD28D60F84004A34A8 /* FirebaseAuth in Frameworks */,
				182822E128D60F84004A34A8 /* FirebaseStorage in Frameworks */,
			);
			runOnlyForDeploymentPostprocessing = 0;
		};
/* End PBXFrameworksBuildPhase section */

/* Begin PBXGroup section */
		184B555128D380E000F6B1B0 = {
			isa = PBXGroup;
			children = (
				184B555C28D380E000F6B1B0 /* Messenger */,
				184B555B28D380E000F6B1B0 /* Products */,
			);
			sourceTree = "<group>";
		};
		184B555B28D380E000F6B1B0 /* Products */ = {
			isa = PBXGroup;
			children = (
				184B555A28D380E000F6B1B0 /* Messenger.app */,
			);
			name = Products;
			sourceTree = "<group>";
		};
		184B555C28D380E000F6B1B0 /* Messenger */ = {
			isa = PBXGroup;
			children = (
				182822E428D61528004A34A8 /* GoogleService-Info.plist */,
				184B557528D3821200F6B1B0 /* Resources */,
				184B557428D3820200F6B1B0 /* ViewModels */,
				184B557328D3819B00F6B1B0 /* Models */,
				184B557228D3819500F6B1B0 /* Views */,
				184B557128D3818C00F6B1B0 /* Controllers */,
				184B556B28D380E200F6B1B0 /* Info.plist */,
			);
			path = Messenger;
			sourceTree = "<group>";
		};
		184B557128D3818C00F6B1B0 /* Controllers */ = {
			isa = PBXGroup;
			children = (
				184B556128D380E000F6B1B0 /* ConversationsViewController.swift */,
				184B558328D384C100F6B1B0 /* Login */,
				184B557B28D3835F00F6B1B0 /* PhotoViewerViewController.swift */,
				184B557D28D3836E00F6B1B0 /* VideoPlayerViewController.swift */,
				184B557F28D3839B00F6B1B0 /* NewConvesationViewController.swift */,
				184B558128D383AE00F6B1B0 /* ProfileViewController.swift */,
			);
			path = Controllers;
			sourceTree = "<group>";
		};
		184B557228D3819500F6B1B0 /* Views */ = {
			isa = PBXGroup;
			children = (
				184B557628D3824600F6B1B0 /* Storyboards */,
				184B556628D380E200F6B1B0 /* Assets.xcassets */,
			);
			path = Views;
			sourceTree = "<group>";
		};
		184B557328D3819B00F6B1B0 /* Models */ = {
			isa = PBXGroup;
			children = (
			);
			path = Models;
			sourceTree = "<group>";
		};
		184B557428D3820200F6B1B0 /* ViewModels */ = {
			isa = PBXGroup;
			children = (
			);
			path = ViewModels;
			sourceTree = "<group>";
		};
		184B557528D3821200F6B1B0 /* Resources */ = {
			isa = PBXGroup;
			children = (
				184B555D28D380E000F6B1B0 /* AppDelegate.swift */,
				184B555F28D380E000F6B1B0 /* SceneDelegate.swift */,
				184B558428D4C59C00F6B1B0 /* Extensions.swift */,
				18696DD428D732F800F4F0A1 /* DatabaseManager.swift */,
			);
			path = Resources;
			sourceTree = "<group>";
		};
		184B557628D3824600F6B1B0 /* Storyboards */ = {
			isa = PBXGroup;
			children = (
				184B556328D380E000F6B1B0 /* Main.storyboard */,
				184B556828D380E200F6B1B0 /* LaunchScreen.storyboard */,
			);
			path = Storyboards;
			sourceTree = "<group>";
		};
		184B558328D384C100F6B1B0 /* Login */ = {
			isa = PBXGroup;
			children = (
				184B557728D3832500F6B1B0 /* LoginViewController.swift */,
				184B557928D3833400F6B1B0 /* RegisterViewController.swift */,
			);
			path = Login;
			sourceTree = "<group>";
		};
/* End PBXGroup section */

/* Begin PBXNativeTarget section */
		184B555928D380E000F6B1B0 /* Messenger */ = {
			isa = PBXNativeTarget;
			buildConfigurationList = 184B556E28D380E200F6B1B0 /* Build configuration list for PBXNativeTarget "Messenger" */;
			buildPhases = (
				184B555628D380E000F6B1B0 /* Sources */,
				184B555728D380E000F6B1B0 /* Frameworks */,
				184B555828D380E000F6B1B0 /* Resources */,
			);
			buildRules = (
			);
			dependencies = (
			);
			name = Messenger;
			packageProductDependencies = (
				182822DC28D60F84004A34A8 /* FirebaseAuth */,
				182822DE28D60F84004A34A8 /* FirebaseDatabase */,
				182822E028D60F84004A34A8 /* FirebaseStorage */,
			);
			productName = Messenger;
			productReference = 184B555A28D380E000F6B1B0 /* Messenger.app */;
			productType = "com.apple.product-type.application";
		};
/* End PBXNativeTarget section */

/* Begin PBXProject section */
		184B555228D380E000F6B1B0 /* Project object */ = {
			isa = PBXProject;
			attributes = {
				BuildIndependentTargetsInParallel = 1;
				LastSwiftUpdateCheck = 1340;
				LastUpgradeCheck = 1340;
				TargetAttributes = {
					184B555928D380E000F6B1B0 = {
						CreatedOnToolsVersion = 13.4.1;
					};
				};
			};
			buildConfigurationList = 184B555528D380E000F6B1B0 /* Build configuration list for PBXProject "Messenger" */;
			compatibilityVersion = "Xcode 13.0";
			developmentRegion = en;
			hasScannedForEncodings = 0;
			knownRegions = (
				en,
				Base,
			);
			mainGroup = 184B555128D380E000F6B1B0;
			packageReferences = (
				182822DB28D60F84004A34A8 /* XCRemoteSwiftPackageReference "firebase-ios-sdk" */,
			);
			productRefGroup = 184B555B28D380E000F6B1B0 /* Products */;
			projectDirPath = "";
			projectRoot = "";
			targets = (
				184B555928D380E000F6B1B0 /* Messenger */,
			);
		};
/* End PBXProject section */

/* Begin PBXResourcesBuildPhase section */
		184B555828D380E000F6B1B0 /* Resources */ = {
			isa = PBXResourcesBuildPhase;
			buildActionMask = 2147483647;
			files = (
				184B556A28D380E200F6B1B0 /* LaunchScreen.storyboard in Resources */,
				182822E528D61528004A34A8 /* GoogleService-Info.plist in Resources */,
				184B556728D380E200F6B1B0 /* Assets.xcassets in Resources */,
				184B556528D380E000F6B1B0 /* Main.storyboard in Resources */,
			);
			runOnlyForDeploymentPostprocessing = 0;
		};
/* End PBXResourcesBuildPhase section */

/* Begin PBXSourcesBuildPhase section */
		184B555628D380E000F6B1B0 /* Sources */ = {
			isa = PBXSourcesBuildPhase;
			buildActionMask = 2147483647;
			files = (
				184B557828D3832500F6B1B0 /* LoginViewController.swift in Sources */,
				18696DD528D732F800F4F0A1 /* DatabaseManager.swift in Sources */,
				184B557A28D3833400F6B1B0 /* RegisterViewController.swift in Sources */,
				184B556228D380E000F6B1B0 /* ConversationsViewController.swift in Sources */,
				184B558028D3839B00F6B1B0 /* NewConvesationViewController.swift in Sources */,
				184B557E28D3836E00F6B1B0 /* VideoPlayerViewController.swift in Sources */,
				184B558528D4C59C00F6B1B0 /* Extensions.swift in Sources */,
				184B555E28D380E000F6B1B0 /* AppDelegate.swift in Sources */,
				184B558228D383AE00F6B1B0 /* ProfileViewController.swift in Sources */,
				184B556028D380E000F6B1B0 /* SceneDelegate.swift in Sources */,
				184B557C28D3835F00F6B1B0 /* PhotoViewerViewController.swift in Sources */,
			);
			runOnlyForDeploymentPostprocessing = 0;
		};
/* End PBXSourcesBuildPhase section */

/* Begin PBXVariantGroup section */
		184B556328D380E000F6B1B0 /* Main.storyboard */ = {
			isa = PBXVariantGroup;
			children = (
				184B556428D380E000F6B1B0 /* Base */,
			);
			name = Main.storyboard;
			sourceTree = "<group>";
		};
		184B556828D380E200F6B1B0 /* LaunchScreen.storyboard */ = {
			isa = PBXVariantGroup;
			children = (
				184B556928D380E200F6B1B0 /* Base */,
			);
			name = LaunchScreen.storyboard;
			sourceTree = "<group>";
		};
/* End PBXVariantGroup section */

/* Begin XCBuildConfiguration section */
		184B556C28D380E200F6B1B0 /* Debug */ = {
			isa = XCBuildConfiguration;
			buildSettings = {
				ALWAYS_SEARCH_USER_PATHS = NO;
				CLANG_ANALYZER_NONNULL = YES;
				CLANG_ANALYZER_NUMBER_OBJECT_CONVERSION = YES_AGGRESSIVE;
				CLANG_CXX_LANGUAGE_STANDARD = "gnu++17";
				CLANG_ENABLE_MODULES = YES;
				CLANG_ENABLE_OBJC_ARC = YES;
				CLANG_ENABLE_OBJC_WEAK = YES;
				CLANG_WARN_BLOCK_CAPTURE_AUTORELEASING = YES;
				CLANG_WARN_BOOL_CONVERSION = YES;
				CLANG_WARN_COMMA = YES;
				CLANG_WARN_CONSTANT_CONVERSION = YES;
				CLANG_WARN_DEPRECATED_OBJC_IMPLEMENTATIONS = YES;
				CLANG_WARN_DIRECT_OBJC_ISA_USAGE = YES_ERROR;
				CLANG_WARN_DOCUMENTATION_COMMENTS = YES;
				CLANG_WARN_EMPTY_BODY = YES;
				CLANG_WARN_ENUM_CONVERSION = YES;
				CLANG_WARN_INFINITE_RECURSION = YES;
				CLANG_WARN_INT_CONVERSION = YES;
				CLANG_WARN_NON_LITERAL_NULL_CONVERSION = YES;
				CLANG_WARN_OBJC_IMPLICIT_RETAIN_SELF = YES;
				CLANG_WARN_OBJC_LITERAL_CONVERSION = YES;
				CLANG_WARN_OBJC_ROOT_CLASS = YES_ERROR;
				CLANG_WARN_QUOTED_INCLUDE_IN_FRAMEWORK_HEADER = YES;
				CLANG_WARN_RANGE_LOOP_ANALYSIS = YES;
				CLANG_WARN_STRICT_PROTOTYPES = YES;
				CLANG_WARN_SUSPICIOUS_MOVE = YES;
				CLANG_WARN_UNGUARDED_AVAILABILITY = YES_AGGRESSIVE;
				CLANG_WARN_UNREACHABLE_CODE = YES;
				CLANG_WARN__DUPLICATE_METHOD_MATCH = YES;
				COPY_PHASE_STRIP = NO;
				DEBUG_INFORMATION_FORMAT = dwarf;
				ENABLE_STRICT_OBJC_MSGSEND = YES;
				ENABLE_TESTABILITY = YES;
				GCC_C_LANGUAGE_STANDARD = gnu11;
				GCC_DYNAMIC_NO_PIC = NO;
				GCC_NO_COMMON_BLOCKS = YES;
				GCC_OPTIMIZATION_LEVEL = 0;
				GCC_PREPROCESSOR_DEFINITIONS = (
					"DEBUG=1",
					"$(inherited)",
				);
				GCC_WARN_64_TO_32_BIT_CONVERSION = YES;
				GCC_WARN_ABOUT_RETURN_TYPE = YES_ERROR;
				GCC_WARN_UNDECLARED_SELECTOR = YES;
				GCC_WARN_UNINITIALIZED_AUTOS = YES_AGGRESSIVE;
				GCC_WARN_UNUSED_FUNCTION = YES;
				GCC_WARN_UNUSED_VARIABLE = YES;
				IPHONEOS_DEPLOYMENT_TARGET = 15.5;
				MTL_ENABLE_DEBUG_INFO = INCLUDE_SOURCE;
				MTL_FAST_MATH = YES;
				ONLY_ACTIVE_ARCH = YES;
				SDKROOT = iphoneos;
				SWIFT_ACTIVE_COMPILATION_CONDITIONS = DEBUG;
				SWIFT_OPTIMIZATION_LEVEL = "-Onone";
			};
			name = Debug;
		};
		184B556D28D380E200F6B1B0 /* Release */ = {
			isa = XCBuildConfiguration;
			buildSettings = {
				ALWAYS_SEARCH_USER_PATHS = NO;
				CLANG_ANALYZER_NONNULL = YES;
				CLANG_ANALYZER_NUMBER_OBJECT_CONVERSION = YES_AGGRESSIVE;
				CLANG_CXX_LANGUAGE_STANDARD = "gnu++17";
				CLANG_ENABLE_MODULES = YES;
				CLANG_ENABLE_OBJC_ARC = YES;
				CLANG_ENABLE_OBJC_WEAK = YES;
				CLANG_WARN_BLOCK_CAPTURE_AUTORELEASING = YES;
				CLANG_WARN_BOOL_CONVERSION = YES;
				CLANG_WARN_COMMA = YES;
				CLANG_WARN_CONSTANT_CONVERSION = YES;
				CLANG_WARN_DEPRECATED_OBJC_IMPLEMENTATIONS = YES;
				CLANG_WARN_DIRECT_OBJC_ISA_USAGE = YES_ERROR;
				CLANG_WARN_DOCUMENTATION_COMMENTS = YES;
				CLANG_WARN_EMPTY_BODY = YES;
				CLANG_WARN_ENUM_CONVERSION = YES;
				CLANG_WARN_INFINITE_RECURSION = YES;
				CLANG_WARN_INT_CONVERSION = YES;
				CLANG_WARN_NON_LITERAL_NULL_CONVERSION = YES;
				CLANG_WARN_OBJC_IMPLICIT_RETAIN_SELF = YES;
				CLANG_WARN_OBJC_LITERAL_CONVERSION = YES;
				CLANG_WARN_OBJC_ROOT_CLASS = YES_ERROR;
				CLANG_WARN_QUOTED_INCLUDE_IN_FRAMEWORK_HEADER = YES;
				CLANG_WARN_RANGE_LOOP_ANALYSIS = YES;
				CLANG_WARN_STRICT_PROTOTYPES = YES;
				CLANG_WARN_SUSPICIOUS_MOVE = YES;
				CLANG_WARN_UNGUARDED_AVAILABILITY = YES_AGGRESSIVE;
				CLANG_WARN_UNREACHABLE_CODE = YES;
				CLANG_WARN__DUPLICATE_METHOD_MATCH = YES;
				COPY_PHASE_STRIP = NO;
				DEBUG_INFORMATION_FORMAT = "dwarf-with-dsym";
				ENABLE_NS_ASSERTIONS = NO;
				ENABLE_STRICT_OBJC_MSGSEND = YES;
				GCC_C_LANGUAGE_STANDARD = gnu11;
				GCC_NO_COMMON_BLOCKS = YES;
				GCC_WARN_64_TO_32_BIT_CONVERSION = YES;
				GCC_WARN_ABOUT_RETURN_TYPE = YES_ERROR;
				GCC_WARN_UNDECLARED_SELECTOR = YES;
				GCC_WARN_UNINITIALIZED_AUTOS = YES_AGGRESSIVE;
				GCC_WARN_UNUSED_FUNCTION = YES;
				GCC_WARN_UNUSED_VARIABLE = YES;
				IPHONEOS_DEPLOYMENT_TARGET = 15.5;
				MTL_ENABLE_DEBUG_INFO = NO;
				MTL_FAST_MATH = YES;
				SDKROOT = iphoneos;
				SWIFT_COMPILATION_MODE = wholemodule;
				SWIFT_OPTIMIZATION_LEVEL = "-O";
				VALIDATE_PRODUCT = YES;
			};
			name = Release;
		};
		184B556F28D380E200F6B1B0 /* Debug */ = {
			isa = XCBuildConfiguration;
			buildSettings = {
				ASSETCATALOG_COMPILER_APPICON_NAME = AppIcon;
				ASSETCATALOG_COMPILER_GLOBAL_ACCENT_COLOR_NAME = AccentColor;
				CODE_SIGN_STYLE = Automatic;
				CURRENT_PROJECT_VERSION = 1;
				DEVELOPMENT_TEAM = 63G7Z4U8W4;
				GENERATE_INFOPLIST_FILE = YES;
				INFOPLIST_FILE = Messenger/Info.plist;
				INFOPLIST_KEY_UIApplicationSupportsIndirectInputEvents = YES;
				INFOPLIST_KEY_UILaunchStoryboardName = LaunchScreen;
				INFOPLIST_KEY_UIMainStoryboardFile = Main;
				INFOPLIST_KEY_UISupportedInterfaceOrientations = UIInterfaceOrientationPortrait;
				INFOPLIST_KEY_UISupportedInterfaceOrientations_iPad = "UIInterfaceOrientationPortrait UIInterfaceOrientationPortraitUpsideDown UIInterfaceOrientationLandscapeLeft UIInterfaceOrientationLandscapeRight";
				INFOPLIST_KEY_UISupportedInterfaceOrientations_iPhone = "UIInterfaceOrientationPortrait UIInterfaceOrientationLandscapeLeft UIInterfaceOrientationLandscapeRight";
				LD_RUNPATH_SEARCH_PATHS = (
					"$(inherited)",
					"@executable_path/Frameworks",
				);
				MARKETING_VERSION = 1.0;
				PRODUCT_BUNDLE_IDENTIFIER = by.Messenger;
				PRODUCT_NAME = "$(TARGET_NAME)";
				SWIFT_EMIT_LOC_STRINGS = YES;
				SWIFT_VERSION = 5.0;
				TARGETED_DEVICE_FAMILY = "1,2";
			};
			name = Debug;
		};
		184B557028D380E200F6B1B0 /* Release */ = {
			isa = XCBuildConfiguration;
			buildSettings = {
				ASSETCATALOG_COMPILER_APPICON_NAME = AppIcon;
				ASSETCATALOG_COMPILER_GLOBAL_ACCENT_COLOR_NAME = AccentColor;
				CODE_SIGN_STYLE = Automatic;
				CURRENT_PROJECT_VERSION = 1;
				DEVELOPMENT_TEAM = 63G7Z4U8W4;
				GENERATE_INFOPLIST_FILE = YES;
				INFOPLIST_FILE = Messenger/Info.plist;
				INFOPLIST_KEY_UIApplicationSupportsIndirectInputEvents = YES;
				INFOPLIST_KEY_UILaunchStoryboardName = LaunchScreen;
				INFOPLIST_KEY_UIMainStoryboardFile = Main;
				INFOPLIST_KEY_UISupportedInterfaceOrientations = UIInterfaceOrientationPortrait;
				INFOPLIST_KEY_UISupportedInterfaceOrientations_iPad = "UIInterfaceOrientationPortrait UIInterfaceOrientationPortraitUpsideDown UIInterfaceOrientationLandscapeLeft UIInterfaceOrientationLandscapeRight";
				INFOPLIST_KEY_UISupportedInterfaceOrientations_iPhone = "UIInterfaceOrientationPortrait UIInterfaceOrientationLandscapeLeft UIInterfaceOrientationLandscapeRight";
				LD_RUNPATH_SEARCH_PATHS = (
					"$(inherited)",
					"@executable_path/Frameworks",
				);
				MARKETING_VERSION = 1.0;
				PRODUCT_BUNDLE_IDENTIFIER = by.Messenger;
				PRODUCT_NAME = "$(TARGET_NAME)";
				SWIFT_EMIT_LOC_STRINGS = YES;
				SWIFT_VERSION = 5.0;
				TARGETED_DEVICE_FAMILY = "1,2";
			};
			name = Release;
		};
/* End XCBuildConfiguration section */

/* Begin XCConfigurationList section */
		184B555528D380E000F6B1B0 /* Build configuration list for PBXProject "Messenger" */ = {
			isa = XCConfigurationList;
			buildConfigurations = (
				184B556C28D380E200F6B1B0 /* Debug */,
				184B556D28D380E200F6B1B0 /* Release */,
			);
			defaultConfigurationIsVisible = 0;
			defaultConfigurationName = Release;
		};
		184B556E28D380E200F6B1B0 /* Build configuration list for PBXNativeTarget "Messenger" */ = {
			isa = XCConfigurationList;
			buildConfigurations = (
				184B556F28D380E200F6B1B0 /* Debug */,
				184B557028D380E200F6B1B0 /* Release */,
			);
			defaultConfigurationIsVisible = 0;
			defaultConfigurationName = Release;
		};
/* End XCConfigurationList section */

/* Begin XCRemoteSwiftPackageReference section */
		182822DB28D60F84004A34A8 /* XCRemoteSwiftPackageReference "firebase-ios-sdk" */ = {
			isa = XCRemoteSwiftPackageReference;
			repositoryURL = "https://github.com/firebase/firebase-ios-sdk.git";
			requirement = {
				kind = upToNextMajorVersion;
				minimumVersion = 9.0.0;
			};
		};
/* End XCRemoteSwiftPackageReference section */

/* Begin XCSwiftPackageProductDependency section */
		182822DC28D60F84004A34A8 /* FirebaseAuth */ = {
			isa = XCSwiftPackageProductDependency;
			package = 182822DB28D60F84004A34A8 /* XCRemoteSwiftPackageReference "firebase-ios-sdk" */;
			productName = FirebaseAuth;
		};
		182822DE28D60F84004A34A8 /* FirebaseDatabase */ = {
			isa = XCSwiftPackageProductDependency;
			package = 182822DB28D60F84004A34A8 /* XCRemoteSwiftPackageReference "firebase-ios-sdk" */;
			productName = FirebaseDatabase;
		};
		182822E028D60F84004A34A8 /* FirebaseStorage */ = {
			isa = XCSwiftPackageProductDependency;
			package = 182822DB28D60F84004A34A8 /* XCRemoteSwiftPackageReference "firebase-ios-sdk" */;
			productName = FirebaseStorage;
		};
/* End XCSwiftPackageProductDependency section */
	};
	rootObject = 184B555228D380E000F6B1B0 /* Project object */;
}
